dependencies:
- name: valkey
  repository: https://charts.bitnami.com/bitnami
  version: 5.6.0
- name: postgresql
  repository: https://charts.bitnami.com/bitnami
  version: 18.6.2
digest: sha256:1ab638fa7dd90791fadd99b0ee84ca30b978f3907d9f3a817b6dba90ea85226a
generated: "2026-05-05T15:28:30.297524716Z"
