dependencies:
- name: valkey
  repository: https://charts.bitnami.com/bitnami
  version: 6.1.10
- name: postgresql
  repository: https://charts.bitnami.com/bitnami
  version: 18.7.7
digest: sha256:4ec10a5b4738df6949ed51594fc575e08ae279bfcb443dc0b9012195a610f581
generated: "2026-06-23T00:58:25.416114451Z"
